PODS:
  - Alamofire (4.5.1)
  - FLAnimatedImage (1.0.12)
  - SDWebImage/Core (4.0.0)
  - SDWebImage/GIF (4.0.0):
    - FLAnimatedImage (~> 1.0)
    - SDWebImage/Core

DEPENDENCIES:
  - Alamofire (~> 4.5)
  - SDWebImage/GIF

SPEC CHECKSUMS:
  Alamofire: 2d95912bf4c34f164fdfc335872e8c312acaea4a
  FLAnimatedImage: 4a0b56255d9b05f18b6dd7ee06871be5d3b89e31
  SDWebImage: 76a6348bdc74eb5a55dd08a091ef298e56b55e41

PODFILE CHECKSUM: 6e0487431c13b2ec77e0fa4e0784811a774cee98

COCOAPODS: 1.1.1
